
Microsoft Visual Studio Solution File, Format Version 12.00
# Visual Studio Version 17
VisualStudioVersion = 17.4.33213.308
MinimumVisualStudioVersion = 10.0.40219.1
Project("{FAE04EC0-301F-11D3-BF4B-00C04F79EFBC}") = "Assignment2_Feb2", "Assignment2_Feb2\Assignment2_Feb2.csproj", "{395F5867-3558-4235-8A14-E3B95211122E}"
EndProject
Global
	GlobalSection(SolutionConfigurationPlatforms) = preSolution
		Debug|Any CPU = Debug|Any CPU
		Release|Any CPU = Release|Any CPU
	EndGlobalSection
	GlobalSection(ProjectConfigurationPlatforms) = postSolution
		{395F5867-3558-4235-8A14-E3B95211122E}.Debug|Any CPU.ActiveCfg = Debug|Any CPU
		{395F5867-3558-4235-8A14-E3B95211122E}.Debug|Any CPU.Build.0 = Debug|Any CPU
		{395F5867-3558-4235-8A14-E3B95211122E}.Release|Any CPU.ActiveCfg = Release|Any CPU
		{395F5867-3558-4235-8A14-E3B95211122E}.Release|Any CPU.Build.0 = Release|Any CPU
	EndGlobalSection
	GlobalSection(SolutionProperties) = preSolution
		HideSolutionNode = FALSE
	EndGlobalSection
	GlobalSection(ExtensibilityGlobals) = postSolution
		SolutionGuid = {24432010-B953-4763-97E2-6569AE3154E8}
	EndGlobalSection
EndGlobal
